
Microsoft Visual Studio Solution File, Format Version 12.00
# Visual Studio Version 18
VisualStudioVersion = 18.3.11505.172 d18.3
MinimumVisualStudioVersion = 10.0.40219.1
Project("{FAE04EC0-301F-11D3-BF4B-00C04F79EFBC}") = "NeuralNetwork", "NeuralNetwork\NeuralNetwork.csproj", "{B6C63AB7-9FF1-4FA4-8192-F60E8BBA7B67}"
EndProject
Global
	GlobalSection(SolutionConfigurationPlatforms) = preSolution
		Debug|Any CPU = Debug|Any CPU
		Release|Any CPU = Release|Any CPU
	EndGlobalSection
	GlobalSection(ProjectConfigurationPlatforms) = postSolution
		{B6C63AB7-9FF1-4FA4-8192-F60E8BBA7B67}.Debug|Any CPU.ActiveCfg = Debug|Any CPU
		{B6C63AB7-9FF1-4FA4-8192-F60E8BBA7B67}.Debug|Any CPU.Build.0 = Debug|Any CPU
		{B6C63AB7-9FF1-4FA4-8192-F60E8BBA7B67}.Release|Any CPU.ActiveCfg = Release|Any CPU
		{B6C63AB7-9FF1-4FA4-8192-F60E8BBA7B67}.Release|Any CPU.Build.0 = Release|Any CPU
	EndGlobalSection
	GlobalSection(SolutionProperties) = preSolution
		HideSolutionNode = FALSE
	EndGlobalSection
	GlobalSection(ExtensibilityGlobals) = postSolution
		SolutionGuid = {6C266BA4-26E2-483E-B54B-27CB5BD52019}
	EndGlobalSection
EndGlobal
